
Microsoft Visual Studio Solution File, Format Version 12.00
# Visual Studio 14
VisualStudioVersion = 14.0.25123.0
MinimumVisualStudioVersion = 10.0.40219.1
Project("{FAE04EC0-301F-11D3-BF4B-00C04F79EFBC}") = "Emlak.DAL", "Emlak.DAL\Emlak.DAL.csproj", "{436CFD52-888B-4F3A-9B33-F2C9C91B8F77}"
EndProject
Project("{FAE04EC0-301F-11D3-BF4B-00C04F79EFBC}") = "Emlak.Entity", "Emlak.Entity\Emlak.Entity.csproj", "{4EF0C6A4-1AE3-4215-9B5B-8D982D2FFDEC}"
EndProject
Project("{FAE04EC0-301F-11D3-BF4B-00C04F79EFBC}") = "Emlak.BLL", "Emlak.BLL\Emlak.BLL.csproj", "{528E2FC2-6589-4ED8-9346-CC988D29D87B}"
EndProject
Project("{FAE04EC0-301F-11D3-BF4B-00C04F79EFBC}") = "Emlak.MVC", "Emlak.MVC\Emlak.MVC.csproj", "{79A52669-8003-41CE-A60C-42A3CE3576AB}"
EndProject
Project("{2150E333-8FDC-42A3-9474-1A3956D46DE8}") = "Solution Items", "Solution Items", "{5E692234-AD09-4E14-A0D0-59AFC2787C5A}"
	ProjectSection(SolutionItems) = preProject
		kurulacak.txt = kurulacak.txt
	EndProjectSection
EndProject
Project("{FAE04EC0-301F-11D3-BF4B-00C04F79EFBC}") = "Emlak.WebApi", "Emlak.WebApi\Emlak.WebApi.csproj", "{0BC68990-2F9F-4A08-AAA4-BD1EE8C75882}"
EndProject
Global
	GlobalSection(SolutionConfigurationPlatforms) = preSolution
		Debug|Any CPU = Debug|Any CPU
		Release|Any CPU = Release|Any CPU
	EndGlobalSection
	GlobalSection(ProjectConfigurationPlatforms) = postSolution
		{436CFD52-888B-4F3A-9B33-F2C9C91B8F77}.Debug|Any CPU.ActiveCfg = Debug|Any CPU
		{436CFD52-888B-4F3A-9B33-F2C9C91B8F77}.Debug|Any CPU.Build.0 = Debug|Any CPU
		{436CFD52-888B-4F3A-9B33-F2C9C91B8F77}.Release|Any CPU.ActiveCfg = Release|Any CPU
		{436CFD52-888B-4F3A-9B33-F2C9C91B8F77}.Release|Any CPU.Build.0 = Release|Any CPU
		{4EF0C6A4-1AE3-4215-9B5B-8D982D2FFDEC}.Debug|Any CPU.ActiveCfg = Debug|Any CPU
		{4EF0C6A4-1AE3-4215-9B5B-8D982D2FFDEC}.Debug|Any CPU.Build.0 = Debug|Any CPU
		{4EF0C6A4-1AE3-4215-9B5B-8D982D2FFDEC}.Release|Any CPU.ActiveCfg = Release|Any CPU
		{4EF0C6A4-1AE3-4215-9B5B-8D982D2FFDEC}.Release|Any CPU.Build.0 = Release|Any CPU
		{528E2FC2-6589-4ED8-9346-CC988D29D87B}.Debug|Any CPU.ActiveCfg = Debug|Any CPU
		{528E2FC2-6589-4ED8-9346-CC988D29D87B}.Debug|Any CPU.Build.0 = Debug|Any CPU
		{528E2FC2-6589-4ED8-9346-CC988D29D87B}.Release|Any CPU.ActiveCfg = Release|Any CPU
		{528E2FC2-6589-4ED8-9346-CC988D29D87B}.Release|Any CPU.Build.0 = Release|Any CPU
		{79A52669-8003-41CE-A60C-42A3CE3576AB}.Debug|Any CPU.ActiveCfg = Debug|Any CPU
		{79A52669-8003-41CE-A60C-42A3CE3576AB}.Debug|Any CPU.Build.0 = Debug|Any CPU
		{79A52669-8003-41CE-A60C-42A3CE3576AB}.Release|Any CPU.ActiveCfg = Release|Any CPU
		{79A52669-8003-41CE-A60C-42A3CE3576AB}.Release|Any CPU.Build.0 = Release|Any CPU
		{0BC68990-2F9F-4A08-AAA4-BD1EE8C75882}.Debug|Any CPU.ActiveCfg = Debug|Any CPU
		{0BC68990-2F9F-4A08-AAA4-BD1EE8C75882}.Debug|Any CPU.Build.0 = Debug|Any CPU
		{0BC68990-2F9F-4A08-AAA4-BD1EE8C75882}.Release|Any CPU.ActiveCfg = Release|Any CPU
		{0BC68990-2F9F-4A08-AAA4-BD1EE8C75882}.Release|Any CPU.Build.0 = Release|Any CPU
	EndGlobalSection
	GlobalSection(SolutionProperties) = preSolution
		HideSolutionNode = FALSE
	EndGlobalSection
EndGlobal
